<?xml version="1.0" encoding="utf-8"?>
<Project ToolsVersion="4.0" xmlns="http://schemas.microsoft.com/developer/msbuild/2003">
  <ItemGroup>
    <Filter Include="Source Files">
      <UniqueIdentifier>{4FC737F1-C7A5-4376-A066-2A32D752A2FF}</UniqueIdentifier>
      <Extensions>cpp;c;cc;cxx;c++;cppm;ixx;def;odl;idl;hpj;bat;asm;asmx</Extensions>
    </Filter>
    <Filter Include="Header Files">
      <UniqueIdentifier>{93995380-89BD-4b04-88EB-625FBE52EBFB}</UniqueIdentifier>
      <Extensions>h;hh;hpp;hxx;h++;hm;inl;inc;ipp;xsd</Extensions>
    </Filter>
    <Filter Include="Resource Files">
      <UniqueIdentifier>{67DA6AB6-F800-4c08-8B7A-83BB121AAD01}</UniqueIdentifier>
      <Extensions>rc;ico;cur;bmp;dlg;rc2;rct;bin;rgs;gif;jpg;jpeg;jpe;resx;tiff;tif;png;wav;mfcribbon-ms</Extensions>
    </Filter>
    <Filter Include="User Properties">
      <UniqueIdentifier>{2cbac2be-4542-4fdc-b92e-b29256133643}</UniqueIdentifier>
    </Filter>
    <Filter Include="Renderers">
      <UniqueIdentifier>{89419762-4618-43c4-a82b-10219bd8528e}</UniqueIdentifier>
    </Filter>
    <Filter Include="Thirdparty">
      <UniqueIdentifier>{9e360dab-7335-4633-950c-0171ecb40a04}</UniqueIdentifier>
    </Filter>
    <Filter Include="Thirdparty\ImGui">
      <UniqueIdentifier>{fea61304-fc1c-477a-8a94-2ecb39f3263c}</UniqueIdentifier>
    </Filter>
    <Filter Include="Thirdparty\ImGui\Includes">
      <UniqueIdentifier>{6ccb0241-fc55-4dc8-9c8d-7a42f0740f0c}</UniqueIdentifier>
    </Filter>
    <Filter Include="Thirdparty\ImGui\Source Files">
      <UniqueIdentifier>{27a83a6a-b1f6-42fe-a237-c11397a83d36}</UniqueIdentifier>
    </Filter>
    <Filter Include="UI">
      <UniqueIdentifier>{c4ada0a4-fd5c-463a-b186-41064ea150c5}</UniqueIdentifier>
    </Filter>
  </ItemGroup>
  <ItemGroup>
    <ClCompile Include="main.cpp">
      <Filter>Source Files</Filter>
    </ClCompile>
    <ClCompile Include="renderers\OpenGL\OpenGLRenderer.cpp">
      <Filter>Renderers</Filter>
    </ClCompile>
    <ClCompile Include="renderers\OpenGL\OpenGLWindow.cpp">
      <Filter>Renderers</Filter>
    </ClCompile>
    <ClCompile Include="renderers\Window.cpp">
      <Filter>Renderers</Filter>
    </ClCompile>
    <ClCompile Include="thirdparty\imgui\source files\imgui.cpp">
      <Filter>Thirdparty\ImGui\Source Files</Filter>
    </ClCompile>
    <ClCompile Include="thirdparty\imgui\source files\imgui_demo.cpp">
      <Filter>Thirdparty\ImGui\Source Files</Filter>
    </ClCompile>
    <ClCompile Include="thirdparty\imgui\source files\imgui_draw.cpp">
      <Filter>Thirdparty\ImGui\Source Files</Filter>
    </ClCompile>
    <ClCompile Include="thirdparty\imgui\source files\imgui_impl_dx12.cpp">
      <Filter>Thirdparty\ImGui\Source Files</Filter>
    </ClCompile>
    <ClCompile Include="thirdparty\imgui\source files\imgui_impl_glfw.cpp">
      <Filter>Thirdparty\ImGui\Source Files</Filter>
    </ClCompile>
    <ClCompile Include="thirdparty\imgui\source files\imgui_impl_opengl3.cpp">
      <Filter>Thirdparty\ImGui\Source Files</Filter>
    </ClCompile>
    <ClCompile Include="thirdparty\imgui\source files\imgui_impl_sdl2.cpp">
      <Filter>Thirdparty\ImGui\Source Files</Filter>
    </ClCompile>
    <ClCompile Include="thirdparty\imgui\source files\imgui_tables.cpp">
      <Filter>Thirdparty\ImGui\Source Files</Filter>
    </ClCompile>
    <ClCompile Include="thirdparty\imgui\source files\imgui_widgets.cpp">
      <Filter>Thirdparty\ImGui\Source Files</Filter>
    </ClCompile>
    <ClCompile Include="UI\UI.cpp">
      <Filter>UI</Filter>
    </ClCompile>
  </ItemGroup>
  <ItemGroup>
    <ClInclude Include="header_files\Renderer.h">
      <Filter>Header Files</Filter>
    </ClInclude>
    <ClInclude Include="header_files\Debug.h">
      <Filter>Header Files</Filter>
    </ClInclude>
    <ClInclude Include="header_files\Window.h">
      <Filter>Header Files</Filter>
    </ClInclude>
    <ClInclude Include="header_files\OpenGLRenderer.h">
      <Filter>Header Files</Filter>
    </ClInclude>
    <ClInclude Include="header_files\OpenGLWindow.h">
      <Filter>Header Files</Filter>
    </ClInclude>
    <ClInclude Include="header_files\UI.h">
      <Filter>Header Files</Filter>
    </ClInclude>
    <ClInclude Include="thirdparty\imgui\include\imconfig.h">
      <Filter>Thirdparty\ImGui\Includes</Filter>
    </ClInclude>
    <ClInclude Include="thirdparty\imgui\include\imgui.h">
      <Filter>Thirdparty\ImGui\Includes</Filter>
    </ClInclude>
    <ClInclude Include="thirdparty\imgui\include\imgui_impl_dx12.h">
      <Filter>Thirdparty\ImGui\Includes</Filter>
    </ClInclude>
    <ClInclude Include="thirdparty\imgui\include\imgui_impl_glfw.h">
      <Filter>Thirdparty\ImGui\Includes</Filter>
    </ClInclude>
    <ClInclude Include="thirdparty\imgui\include\imgui_impl_opengl3.h">
      <Filter>Thirdparty\ImGui\Includes</Filter>
    </ClInclude>
    <ClInclude Include="thirdparty\imgui\include\imgui_impl_opengl3_loader.h">
      <Filter>Thirdparty\ImGui\Includes</Filter>
    </ClInclude>
    <ClInclude Include="thirdparty\imgui\include\imgui_impl_sdl2.h">
      <Filter>Thirdparty\ImGui\Includes</Filter>
    </ClInclude>
    <ClInclude Include="thirdparty\imgui\include\imgui_internal.h">
      <Filter>Thirdparty\ImGui\Includes</Filter>
    </ClInclude>
    <ClInclude Include="thirdparty\imgui\include\imstb_rectpack.h">
      <Filter>Thirdparty\ImGui\Includes</Filter>
    </ClInclude>
    <ClInclude Include="thirdparty\imgui\include\imstb_textedit.h">
      <Filter>Thirdparty\ImGui\Includes</Filter>
    </ClInclude>
    <ClInclude Include="thirdparty\imgui\include\imstb_truetype.h">
      <Filter>Thirdparty\ImGui\Includes</Filter>
    </ClInclude>
  </ItemGroup>
  <ItemGroup>
    <None Include="packages.config" />
  </ItemGroup>
</Project>