<?xml version="1.0" encoding="utf-8"?>
<Project ToolsVersion="4.0" xmlns="http://schemas.microsoft.com/developer/msbuild/2003">
  <ItemGroup>
    <Filter Include="Source Files">
      <UniqueIdentifier>{4FC737F1-C7A5-4376-A066-2A32D752A2FF}</UniqueIdentifier>
      <Extensions>cpp;c;cc;cxx;c++;cppm;ixx;def;odl;idl;hpj;bat;asm;asmx</Extensions>
    </Filter>
    <Filter Include="Header Files">
      <UniqueIdentifier>{93995380-89BD-4b04-88EB-625FBE52EBFB}</UniqueIdentifier>
      <Extensions>h;hh;hpp;hxx;h++;hm;inl;inc;ipp;xsd</Extensions>
    </Filter>
    <Filter Include="Resource Files">
      <UniqueIdentifier>{67DA6AB6-F800-4c08-8B7A-83BB121AAD01}</UniqueIdentifier>
      <Extensions>rc;ico;cur;bmp;dlg;rc2;rct;bin;rgs;gif;jpg;jpeg;jpe;resx;tiff;tif;png;wav;mfcribbon-ms</Extensions>
    </Filter>
    <Filter Include="User Properties">
      <UniqueIdentifier>{2cbac2be-4542-4fdc-b92e-b29256133643}</UniqueIdentifier>
    </Filter>
    <Filter Include="Renderers">
      <UniqueIdentifier>{89419762-4618-43c4-a82b-10219bd8528e}</UniqueIdentifier>
    </Filter>
    <Filter Include="Thirdparty">
      <UniqueIdentifier>{9e360dab-7335-4633-950c-0171ecb40a04}</UniqueIdentifier>
    </Filter>
    <Filter Include="Thirdparty\ImGui">
      <UniqueIdentifier>{fea61304-fc1c-477a-8a94-2ecb39f3263c}</UniqueIdentifier>
    </Filter>
    <Filter Include="Thirdparty\ImGui\Includes">
      <UniqueIdentifier>{6ccb0241-fc55-4dc8-9c8d-7a42f0740f0c}</UniqueIdentifier>
    </Filter>
    <Filter Include="Thirdparty\ImGui\Source Files">
      <UniqueIdentifier>{27a83a6a-b1f6-42fe-a237-c11397a83d36}</UniqueIdentifier>
    </Filter>
    <Filter Include="UI">
      <UniqueIdentifier>{c4ada0a4-fd5c-463a-b186-41064ea150c5}</UniqueIdentifier>
    </Filter>
    <Filter Include="Thirdparty\KHR">
      <UniqueIdentifier>{13a4cf01-0b2f-4c79-a098-8ea5ed2d4e43}</UniqueIdentifier>
    </Filter>
    <Filter Include="Objects">
      <UniqueIdentifier>{5902e675-baf4-41a5-8105-a7f882a83b34}</UniqueIdentifier>
    </Filter>
    <Filter Include="Vertex Shaders">
      <UniqueIdentifier>{e45ff112-8b22-490c-8b68-df523f577ab2}</UniqueIdentifier>
    </Filter>
    <Filter Include="Vertex Shaders\GLSL Files">
      <UniqueIdentifier>{850b5cc6-52cc-40f7-941e-c78f1b6e52ac}</UniqueIdentifier>
    </Filter>
    <Filter Include="Renderers\OpenGL">
      <UniqueIdentifier>{d512c38a-04a5-4ad7-9fef-a18c586bdd6c}</UniqueIdentifier>
    </Filter>
    <Filter Include="Renderers\DirextX">
      <UniqueIdentifier>{0a73cc4b-cc76-48bc-9938-6600ab0de035}</UniqueIdentifier>
    </Filter>
    <Filter Include="Thirdparty\SDL_image">
      <UniqueIdentifier>{489d846f-b76b-455a-a289-fb896e965502}</UniqueIdentifier>
    </Filter>
    <Filter Include="Thirdparty\Glad">
      <UniqueIdentifier>{c1bd0614-b3fc-46b4-8009-347fd85624cb}</UniqueIdentifier>
    </Filter>
  </ItemGroup>
  <ItemGroup>
    <ClCompile Include="main.cpp">
      <Filter>Source Files</Filter>
    </ClCompile>
    <ClCompile Include="thirdparty\imgui\source files\imgui.cpp">
      <Filter>Thirdparty\ImGui\Source Files</Filter>
    </ClCompile>
    <ClCompile Include="thirdparty\imgui\source files\imgui_demo.cpp">
      <Filter>Thirdparty\ImGui\Source Files</Filter>
    </ClCompile>
    <ClCompile Include="thirdparty\imgui\source files\imgui_draw.cpp">
      <Filter>Thirdparty\ImGui\Source Files</Filter>
    </ClCompile>
    <ClCompile Include="thirdparty\imgui\source files\imgui_impl_opengl3.cpp">
      <Filter>Thirdparty\ImGui\Source Files</Filter>
    </ClCompile>
    <ClCompile Include="thirdparty\imgui\source files\imgui_impl_sdl2.cpp">
      <Filter>Thirdparty\ImGui\Source Files</Filter>
    </ClCompile>
    <ClCompile Include="thirdparty\imgui\source files\imgui_tables.cpp">
      <Filter>Thirdparty\ImGui\Source Files</Filter>
    </ClCompile>
    <ClCompile Include="thirdparty\imgui\source files\imgui_widgets.cpp">
      <Filter>Thirdparty\ImGui\Source Files</Filter>
    </ClCompile>
    <ClCompile Include="UI\ImGuiWrapper.cpp">
      <Filter>UI</Filter>
    </ClCompile>
    <ClCompile Include="renderers\OpenGL\GLCamera.cpp">
      <Filter>Renderers\OpenGL</Filter>
    </ClCompile>
    <ClCompile Include="renderers\OpenGL\GLIndexBuffer.cpp">
      <Filter>Renderers\OpenGL</Filter>
    </ClCompile>
    <ClCompile Include="renderers\OpenGL\GLMaterial.cpp">
      <Filter>Renderers\OpenGL</Filter>
    </ClCompile>
    <ClCompile Include="renderers\OpenGL\GLMesh.cpp">
      <Filter>Renderers\OpenGL</Filter>
    </ClCompile>
    <ClCompile Include="renderers\OpenGL\GLScene.cpp">
      <Filter>Renderers\OpenGL</Filter>
    </ClCompile>
    <ClCompile Include="renderers\OpenGL\GLSceneObject.cpp">
      <Filter>Renderers\OpenGL</Filter>
    </ClCompile>
    <ClCompile Include="renderers\OpenGL\GLVertexArray.cpp">
      <Filter>Renderers\OpenGL</Filter>
    </ClCompile>
    <ClCompile Include="renderers\OpenGL\GLVertexBuffer.cpp">
      <Filter>Renderers\OpenGL</Filter>
    </ClCompile>
    <ClCompile Include="renderers\OpenGL\GLWindow.cpp">
      <Filter>Renderers\OpenGL</Filter>
    </ClCompile>
    <ClCompile Include="UI\GLUI.cpp">
      <Filter>UI</Filter>
    </ClCompile>
    <ClCompile Include="UI\DXUI.cpp">
      <Filter>UI</Filter>
    </ClCompile>
    <ClCompile Include="renderers\DirectX11\DX11Window.cpp">
      <Filter>Renderers\DirextX</Filter>
    </ClCompile>
    <ClCompile Include="renderers\DirectX11\DX11Renderer.cpp">
      <Filter>Renderers\DirextX</Filter>
    </ClCompile>
    <ClCompile Include="user_properties\SystemDetection.cpp">
      <Filter>User Properties</Filter>
    </ClCompile>
    <ClCompile Include="UI\UI.cpp">
      <Filter>UI</Filter>
    </ClCompile>
    <ClCompile Include="renderers\Renderer.cpp">
      <Filter>Renderers</Filter>
    </ClCompile>
    <ClCompile Include="renderers\DirectX11\DX11Camera.cpp">
      <Filter>Renderers\DirextX</Filter>
    </ClCompile>
    <ClCompile Include="GLHolodeskMain.cpp">
      <Filter>Source Files</Filter>
    </ClCompile>
    <ClCompile Include="DXHolodeskMain.cpp">
      <Filter>Source Files</Filter>
    </ClCompile>
    <ClCompile Include="objects\PointCloudCube.cpp">
      <Filter>Objects</Filter>
    </ClCompile>
    <ClCompile Include="objects\VertexCube.cpp">
      <Filter>Objects</Filter>
    </ClCompile>
    <ClCompile Include="resource_files\Debug.cpp">
      <Filter>Resource Files</Filter>
    </ClCompile>
    <ClCompile Include="renderers\OpenGL\Holodesk_SDL.cpp">
      <Filter>Resource Files</Filter>
    </ClCompile>
    <ClCompile Include="resource_files\UniqueIDGenerator.cpp">
      <Filter>Resource Files</Filter>
    </ClCompile>
    <ClCompile Include="resource_files\TypeConversion.cpp">
      <Filter>Resource Files</Filter>
    </ClCompile>
    <ClCompile Include="renderers\OpenGL\GLRenderer.cpp">
      <Filter>Renderers\OpenGL</Filter>
    </ClCompile>
    <ClCompile Include="renderers\OpenGL\HoloMath.cpp">
      <Filter>Resource Files</Filter>
    </ClCompile>
    <ClCompile Include="resource_files\ErrorCheck.cpp">
      <Filter>Resource Files</Filter>
    </ClCompile>
    <ClCompile Include="UI\UIElements.cpp">
      <Filter>UI</Filter>
    </ClCompile>
    <ClCompile Include="renderers\Window.cpp">
      <Filter>Renderers</Filter>
    </ClCompile>
  </ItemGroup>
  <ItemGroup>
    <ClInclude Include="header_files\Debug.h">
      <Filter>Header Files</Filter>
    </ClInclude>
    <ClInclude Include="header_files\GLWindow.h">
      <Filter>Header Files</Filter>
    </ClInclude>
    <ClInclude Include="thirdparty\imgui\include\imconfig.h">
      <Filter>Thirdparty\ImGui\Includes</Filter>
    </ClInclude>
    <ClInclude Include="thirdparty\imgui\include\imgui.h">
      <Filter>Thirdparty\ImGui\Includes</Filter>
    </ClInclude>
    <ClInclude Include="thirdparty\imgui\include\imgui_impl_opengl3.h">
      <Filter>Thirdparty\ImGui\Includes</Filter>
    </ClInclude>
    <ClInclude Include="thirdparty\imgui\include\imgui_impl_opengl3_loader.h">
      <Filter>Thirdparty\ImGui\Includes</Filter>
    </ClInclude>
    <ClInclude Include="thirdparty\imgui\include\imgui_impl_sdl2.h">
      <Filter>Thirdparty\ImGui\Includes</Filter>
    </ClInclude>
    <ClInclude Include="thirdparty\imgui\include\imgui_internal.h">
      <Filter>Thirdparty\ImGui\Includes</Filter>
    </ClInclude>
    <ClInclude Include="thirdparty\imgui\include\imstb_rectpack.h">
      <Filter>Thirdparty\ImGui\Includes</Filter>
    </ClInclude>
    <ClInclude Include="thirdparty\imgui\include\imstb_textedit.h">
      <Filter>Thirdparty\ImGui\Includes</Filter>
    </ClInclude>
    <ClInclude Include="thirdparty\imgui\include\imstb_truetype.h">
      <Filter>Thirdparty\ImGui\Includes</Filter>
    </ClInclude>
    <ClInclude Include="header_files\HoloMath.h">
      <Filter>Header Files</Filter>
    </ClInclude>
    <ClInclude Include="header_files\Grid.h">
      <Filter>Header Files</Filter>
    </ClInclude>
    <ClInclude Include="thirdparty\KHR\khrplatform.h">
      <Filter>Thirdparty\KHR</Filter>
    </ClInclude>
    <ClInclude Include="header_files\GLVertexBuffer.h">
      <Filter>Header Files</Filter>
    </ClInclude>
    <ClInclude Include="header_files\GLIndexBuffer.h">
      <Filter>Header Files</Filter>
    </ClInclude>
    <ClInclude Include="header_files\GLVertexArray.h">
      <Filter>Header Files</Filter>
    </ClInclude>
    <ClInclude Include="header_files\GLScene.h">
      <Filter>Header Files</Filter>
    </ClInclude>
    <ClInclude Include="header_files\GLVertex.h">
      <Filter>Header Files</Filter>
    </ClInclude>
    <ClInclude Include="header_files\GLCamera.h">
      <Filter>Header Files</Filter>
    </ClInclude>
    <ClInclude Include="header_files\GLMaterial.h">
      <Filter>Header Files</Filter>
    </ClInclude>
    <ClInclude Include="header_files\GLMesh.h">
      <Filter>Header Files</Filter>
    </ClInclude>
    <ClInclude Include="header_files\GLSceneObject.h">
      <Filter>Header Files</Filter>
    </ClInclude>
    <ClInclude Include="header_files\UniqueIDGenerator.h">
      <Filter>Header Files</Filter>
    </ClInclude>
    <ClInclude Include="header_files\SystemDetection.h">
      <Filter>Header Files</Filter>
    </ClInclude>
    <ClInclude Include="header_files\VertexData.h">
      <Filter>Header Files</Filter>
    </ClInclude>
    <ClInclude Include="header_files\GLUI.h">
      <Filter>Header Files</Filter>
    </ClInclude>
    <ClInclude Include="header_files\Camera.h">
      <Filter>Header Files</Filter>
    </ClInclude>
    <ClInclude Include="header_files\DX11Renderer.h">
      <Filter>Header Files</Filter>
    </ClInclude>
    <ClInclude Include="header_files\DX11Window.h">
      <Filter>Header Files</Filter>
    </ClInclude>
    <ClInclude Include="header_files\DXUI.h">
      <Filter>Header Files</Filter>
    </ClInclude>
    <ClInclude Include="header_files\GLMemoryWrapper.h">
      <Filter>Header Files</Filter>
    </ClInclude>
    <ClInclude Include="header_files\Holodesk_SDL.h">
      <Filter>Header Files</Filter>
    </ClInclude>
    <ClInclude Include="header_files\Window.h">
      <Filter>Header Files</Filter>
    </ClInclude>
    <ClInclude Include="header_files\UI.h">
      <Filter>Header Files</Filter>
    </ClInclude>
    <ClInclude Include="header_files\Renderer.h">
      <Filter>Header Files</Filter>
    </ClInclude>
    <ClInclude Include="header_files\DX11Camera.h">
      <Filter>Header Files</Filter>
    </ClInclude>
    <ClInclude Include="header_files\TypeConversion.h">
      <Filter>Header Files</Filter>
    </ClInclude>
    <ClInclude Include="header_files\GLHolodeskMain.h">
      <Filter>Header Files</Filter>
    </ClInclude>
    <ClInclude Include="header_files\DXHolodeskMain.h">
      <Filter>Header Files</Filter>
    </ClInclude>
    <ClInclude Include="header_files\GLRenderer.h">
      <Filter>Header Files</Filter>
    </ClInclude>
    <ClInclude Include="header_files\VertexCube.h">
      <Filter>Header Files</Filter>
    </ClInclude>
    <ClInclude Include="header_files\PointCloudCube.h">
      <Filter>Header Files</Filter>
    </ClInclude>
    <ClInclude Include="header_files\ErrorCheck.h">
      <Filter>Header Files</Filter>
    </ClInclude>
    <ClInclude Include="header_files\UIElements.h">
      <Filter>Header Files</Filter>
    </ClInclude>
  </ItemGroup>
  <ItemGroup>
    <Text Include="thirdparty\imgui\Version.txt">
      <Filter>Thirdparty\ImGui</Filter>
    </Text>
    <Text Include="thirdparty\KHR\KHR-source-origin.txt">
      <Filter>Thirdparty\KHR</Filter>
    </Text>
    <Text Include="thirdparty\SDL2_image\source_and_usage.txt">
      <Filter>Thirdparty\SDL_image</Filter>
    </Text>
    <Text Include="thirdparty\Glad\glad-source-version.txt">
      <Filter>Thirdparty\Glad</Filter>
    </Text>
  </ItemGroup>
  <ItemGroup>
    <None Include="vertex_shaders\GLSL_files\unlit_fragment.glsl">
      <Filter>Vertex Shaders\GLSL Files</Filter>
    </None>
    <None Include="vertex_shaders\GLSL_files\unlit_vertex.glsl">
      <Filter>Vertex Shaders\GLSL Files</Filter>
    </None>
  </ItemGroup>
</Project>